
Microsoft Visual Studio Solution File, Format Version 12.00
# Visual Studio Version 16
VisualStudioVersion = 16.0.37301.9
MinimumVisualStudioVersion = 10.0.40219.1
Project("{FAE04EC0-301F-11D3-BF4B-00C04F79EFBC}") = "DBUtils", "DBUtils\DBUtils.csproj", "{0D7CB5FE-D426-4FF4-9A0D-512CCE060300}"
EndProject
Global
	GlobalSection(SolutionConfigurationPlatforms) = preSolution
		Debug|Any CPU = Debug|Any CPU
		Release|Any CPU = Release|Any CPU
	EndGlobalSection
	GlobalSection(ProjectConfigurationPlatforms) = postSolution
		{0D7CB5FE-D426-4FF4-9A0D-512CCE060300}.Debug|Any CPU.ActiveCfg = Debug|Any CPU
		{0D7CB5FE-D426-4FF4-9A0D-512CCE060300}.Debug|Any CPU.Build.0 = Debug|Any CPU
		{0D7CB5FE-D426-4FF4-9A0D-512CCE060300}.Release|Any CPU.ActiveCfg = Release|Any CPU
		{0D7CB5FE-D426-4FF4-9A0D-512CCE060300}.Release|Any CPU.Build.0 = Release|Any CPU
	EndGlobalSection
	GlobalSection(SolutionProperties) = preSolution
		HideSolutionNode = FALSE
	EndGlobalSection
	GlobalSection(ExtensibilityGlobals) = postSolution
		SolutionGuid = {7B179493-E372-4413-A628-704FA697B91F}
	EndGlobalSection
EndGlobal
