
Microsoft Visual Studio Solution File, Format Version 12.00
# Visual Studio Version 16
VisualStudioVersion = 16.0.37301.9
MinimumVisualStudioVersion = 10.0.40219.1
Project("{FAE04EC0-301F-11D3-BF4B-00C04F79EFBC}") = "PoslovnaLogika", "PoslovnaLogika\PoslovnaLogika.csproj", "{1D825E26-19DF-423A-9745-3AA9C7817BD7}"
EndProject
Global
	GlobalSection(SolutionConfigurationPlatforms) = preSolution
		Debug|Any CPU = Debug|Any CPU
		Release|Any CPU = Release|Any CPU
	EndGlobalSection
	GlobalSection(ProjectConfigurationPlatforms) = postSolution
		{1D825E26-19DF-423A-9745-3AA9C7817BD7}.Debug|Any CPU.ActiveCfg = Debug|Any CPU
		{1D825E26-19DF-423A-9745-3AA9C7817BD7}.Debug|Any CPU.Build.0 = Debug|Any CPU
		{1D825E26-19DF-423A-9745-3AA9C7817BD7}.Release|Any CPU.ActiveCfg = Release|Any CPU
		{1D825E26-19DF-423A-9745-3AA9C7817BD7}.Release|Any CPU.Build.0 = Release|Any CPU
	EndGlobalSection
	GlobalSection(SolutionProperties) = preSolution
		HideSolutionNode = FALSE
	EndGlobalSection
	GlobalSection(ExtensibilityGlobals) = postSolution
		SolutionGuid = {EC295ABC-792E-4384-876D-D8F5A84C668A}
	EndGlobalSection
EndGlobal
